{
  "nodes": {
    "flake-utils": {
      "locked": {
        "lastModified": 1659877975,
        "narHash": "sha256-zllb8aq3YO3h8B/U0/J1WBgAL8EX5yWf5pMj3G0NAmc=",
        "owner": "numtide",
        "repo": "flake-utils",
        "rev": "c0e246b9b83f637f4681389ecabcb2681b4f3af0",
        "type": "github"
      },
      "original": {
        "owner": "numtide",
        "repo": "flake-utils",
        "type": "github"
      }
    },
    "nixpkgs": {
      "locked": {
        "lastModified": 1667969101,
        "narHash": "sha256-GL53T705HO7Q/KVfbb5STx8AxFs8YgaGY8pvAZC+O7U=",
        "owner": "NixOS",
        "repo": "nixpkgs",
        "rev": "bbf77421ac51a7c93f5f0f760da99e4dbce614fa",
        "type": "github"
      },
      "original": {
        "owner": "NixOS",
        "ref": "nixpkgs-unstable",
        "repo": "nixpkgs",
        "type": "github"
      }
    },
    "root": {
      "inputs": {
        "nixpkgs": "nixpkgs",
        "zig": "zig"
      }
    },
    "zig": {
      "inputs": {
        "flake-utils": "flake-utils",
        "nixpkgs": [
          "nixpkgs"
        ]
      },
      "locked": {
        "lastModified": 1667953641,
        "narHash": "sha256-I4gfBup4ZzjpdydOplNnSrYfjdeusMiChlXgN9vwAe0=",
        "owner": "mitchellh",
        "repo": "zig-overlay",
        "rev": "bdd47fe3fee535a3fad812cc72670a0def14cacc",
        "type": "github"
      },
      "original": {
        "owner": "mitchellh",
        "repo": "zig-overlay",
        "type": "github"
      }
    }
  },
  "root": "root",
  "version": 7
}
